// !$*UTF8*$!
{
	archiveVersion = 1;
	classes = {
	};
	objectVersion = 56;
	objects = {

/* Begin PBXBuildFile section */
		5190C22E29C021EF0090DE30 /* AlamofireTryApp.swift in Sources */ = {isa = PBXBuildFile; fileRef = 5190C22D29C021EF0090DE30 /* AlamofireTryApp.swift */; };
		5190C23029C021EF0090DE30 /* ContentView.swift in Sources */ = {isa = PBXBuildFile; fileRef = 5190C22F29C021EF0090DE30 /* ContentView.swift */; };
		5190C23229C021F20090DE30 /* Assets.xcassets in Resources */ = {isa = PBXBuildFile; fileRef = 5190C23129C021F20090DE30 /* Assets.xcassets */; };
		5190C23529C021F20090DE30 /* Preview Assets.xcassets in Resources */ = {isa = PBXBuildFile; fileRef = 5190C23429C021F20090DE30 /* Preview Assets.xcassets */; };
		5190C23D29C022430090DE30 /* Alamofire in Frameworks */ = {isa = PBXBuildFile; productRef = 5190C23C29C022430090DE30 /* Alamofire */; };
		5190C24029C0268C0090DE30 /* SwiftyJSON in Frameworks */ = {isa = PBXBuildFile; productRef = 5190C23F29C0268C0090DE30 /* SwiftyJSON */; };
		5190C24629C027070090DE30 /* NetworkService.swift in Sources */ = {isa = PBXBuildFile; fileRef = 5190C24529C027070090DE30 /* NetworkService.swift */; };
		5190C24829C0275E0090DE30 /* User.swift in Sources */ = {isa = PBXBuildFile; fileRef = 5190C24729C0275E0090DE30 /* User.swift */; };
/* End PBXBuildFile section */

/* Begin PBXFileReference section */
		5190C22A29C021EF0090DE30 /* AlamofireTry.app */ = {isa = PBXFileReference; explicitFileType = wrapper.application; includeInIndex = 0; path = AlamofireTry.app; sourceTree = BUILT_PRODUCTS_DIR; };
		5190C22D29C021EF0090DE30 /* AlamofireTryApp.swift */ = {isa = PBXFileReference; lastKnownFileType = sourcecode.swift; path = AlamofireTryApp.swift; sourceTree = "<group>"; };
		5190C22F29C021EF0090DE30 /* ContentView.swift */ = {isa = PBXFileReference; lastKnownFileType = sourcecode.swift; path = ContentView.swift; sourceTree = "<group>"; };
		5190C23129C021F20090DE30 /* Assets.xcassets */ = {isa = PBXFileReference; lastKnownFileType = folder.assetcatalog; path = Assets.xcassets; sourceTree = "<group>"; };
		5190C23429C021F20090DE30 /* Preview Assets.xcassets */ = {isa = PBXFileReference; lastKnownFileType = folder.assetcatalog; path = "Preview Assets.xcassets"; sourceTree = "<group>"; };
		5190C24529C027070090DE30 /* NetworkService.swift */ = {isa = PBXFileReference; lastKnownFileType = sourcecode.swift; path = NetworkService.swift; sourceTree = "<group>"; };
		5190C24729C0275E0090DE30 /* User.swift */ = {isa = PBXFileReference; lastKnownFileType = sourcecode.swift; path = User.swift; sourceTree = "<group>"; };
/* End PBXFileReference section */

/* Begin PBXFrameworksBuildPhase section */
		5190C22729C021EF0090DE30 /* Frameworks */ = {
			isa = PBXFrameworksBuildPhase;
			buildActionMask = 2147483647;
			files = (
				5190C24029C0268C0090DE30 /* SwiftyJSON in Frameworks */,
				5190C23D29C022430090DE30 /* Alamofire in Frameworks */,
			);
			runOnlyForDeploymentPostprocessing = 0;
		};
/* End PBXFrameworksBuildPhase section */

/* Begin PBXGroup section */
		5190C22129C021EF0090DE30 = {
			isa = PBXGroup;
			children = (
				5190C22C29C021EF0090DE30 /* AlamofireTry */,
				5190C22B29C021EF0090DE30 /* Products */,
			);
			sourceTree = "<group>";
		};
		5190C22B29C021EF0090DE30 /* Products */ = {
			isa = PBXGroup;
			children = (
				5190C22A29C021EF0090DE30 /* AlamofireTry.app */,
			);
			name = Products;
			sourceTree = "<group>";
		};
		5190C22C29C021EF0090DE30 /* AlamofireTry */ = {
			isa = PBXGroup;
			children = (
				5190C24429C026AB0090DE30 /* Services */,
				5190C24329C026A40090DE30 /* ViewModel */,
				5190C24229C026A00090DE30 /* View */,
				5190C24129C0269A0090DE30 /* Model */,
				5190C22D29C021EF0090DE30 /* AlamofireTryApp.swift */,
				5190C22F29C021EF0090DE30 /* ContentView.swift */,
				5190C23129C021F20090DE30 /* Assets.xcassets */,
				5190C23329C021F20090DE30 /* Preview Content */,
			);
			path = AlamofireTry;
			sourceTree = "<group>";
		};
		5190C23329C021F20090DE30 /* Preview Content */ = {
			isa = PBXGroup;
			children = (
				5190C23429C021F20090DE30 /* Preview Assets.xcassets */,
			);
			path = "Preview Content";
			sourceTree = "<group>";
		};
		5190C24129C0269A0090DE30 /* Model */ = {
			isa = PBXGroup;
			children = (
				5190C24729C0275E0090DE30 /* User.swift */,
			);
			path = Model;
			sourceTree = "<group>";
		};
		5190C24229C026A00090DE30 /* View */ = {
			isa = PBXGroup;
			children = (
			);
			path = View;
			sourceTree = "<group>";
		};
		5190C24329C026A40090DE30 /* ViewModel */ = {
			isa = PBXGroup;
			children = (
			);
			path = ViewModel;
			sourceTree = "<group>";
		};
		5190C24429C026AB0090DE30 /* Services */ = {
			isa = PBXGroup;
			children = (
				5190C24529C027070090DE30 /* NetworkService.swift */,
			);
			path = Services;
			sourceTree = "<group>";
		};
/* End PBXGroup section */

/* Begin PBXNativeTarget section */
		5190C22929C021EF0090DE30 /* AlamofireTry */ = {
			isa = PBXNativeTarget;
			buildConfigurationList = 5190C23829C021F20090DE30 /* Build configuration list for PBXNativeTarget "AlamofireTry" */;
			buildPhases = (
				5190C22629C021EF0090DE30 /* Sources */,
				5190C22729C021EF0090DE30 /* Frameworks */,
				5190C22829C021EF0090DE30 /* Resources */,
			);
			buildRules = (
			);
			dependencies = (
			);
			name = AlamofireTry;
			packageProductDependencies = (
				5190C23C29C022430090DE30 /* Alamofire */,
				5190C23F29C0268C0090DE30 /* SwiftyJSON */,
			);
			productName = AlamofireTry;
			productReference = 5190C22A29C021EF0090DE30 /* AlamofireTry.app */;
			productType = "com.apple.product-type.application";
		};
/* End PBXNativeTarget section */

/* Begin PBXProject section */
		5190C22229C021EF0090DE30 /* Project object */ = {
			isa = PBXProject;
			attributes = {
				BuildIndependentTargetsInParallel = 1;
				LastSwiftUpdateCheck = 1420;
				LastUpgradeCheck = 1420;
				TargetAttributes = {
					5190C22929C021EF0090DE30 = {
						CreatedOnToolsVersion = 14.2;
					};
				};
			};
			buildConfigurationList = 5190C22529C021EF0090DE30 /* Build configuration list for PBXProject "AlamofireTry" */;
			compatibilityVersion = "Xcode 14.0";
			developmentRegion = en;
			hasScannedForEncodings = 0;
			knownRegions = (
				en,
				Base,
			);
			mainGroup = 5190C22129C021EF0090DE30;
			packageReferences = (
				5190C23B29C022430090DE30 /* XCRemoteSwiftPackageReference "Alamofire" */,
				5190C23E29C0268C0090DE30 /* XCRemoteSwiftPackageReference "SwiftyJSON" */,
			);
			productRefGroup = 5190C22B29C021EF0090DE30 /* Products */;
			projectDirPath = "";
			projectRoot = "";
			targets = (
				5190C22929C021EF0090DE30 /* AlamofireTry */,
			);
		};
/* End PBXProject section */

/* Begin PBXResourcesBuildPhase section */
		5190C22829C021EF0090DE30 /* Resources */ = {
			isa = PBXResourcesBuildPhase;
			buildActionMask = 2147483647;
			files = (
				5190C23529C021F20090DE30 /* Preview Assets.xcassets in Resources */,
				5190C23229C021F20090DE30 /* Assets.xcassets in Resources */,
			);
			runOnlyForDeploymentPostprocessing = 0;
		};
/* End PBXResourcesBuildPhase section */

/* Begin PBXSourcesBuildPhase section */
		5190C22629C021EF0090DE30 /* Sources */ = {
			isa = PBXSourcesBuildPhase;
			buildActionMask = 2147483647;
			files = (
				5190C24829C0275E0090DE30 /* User.swift in Sources */,
				5190C23029C021EF0090DE30 /* ContentView.swift in Sources */,
				5190C24629C027070090DE30 /* NetworkService.swift in Sources */,
				5190C22E29C021EF0090DE30 /* AlamofireTryApp.swift in Sources */,
			);
			runOnlyForDeploymentPostprocessing = 0;
		};
/* End PBXSourcesBuildPhase section */

/* Begin XCBuildConfiguration section */
		5190C23629C021F20090DE30 /* Debug */ = {
			isa = XCBuildConfiguration;
			buildSettings = {
				ALWAYS_SEARCH_USER_PATHS = NO;
				CLANG_ANALYZER_NONNULL = YES;
				CLANG_ANALYZER_NUMBER_OBJECT_CONVERSION = YES_AGGRESSIVE;
				CLANG_CXX_LANGUAGE_STANDARD = "gnu++20";
				CLANG_ENABLE_MODULES = YES;
				CLANG_ENABLE_OBJC_ARC = YES;
				CLANG_ENABLE_OBJC_WEAK = YES;
				CLANG_WARN_BLOCK_CAPTURE_AUTORELEASING = YES;
				CLANG_WARN_BOOL_CONVERSION = YES;
				CLANG_WARN_COMMA = YES;
				CLANG_WARN_CONSTANT_CONVERSION = YES;
				CLANG_WARN_DEPRECATED_OBJC_IMPLEMENTATIONS = YES;
				CLANG_WARN_DIRECT_OBJC_ISA_USAGE = YES_ERROR;
				CLANG_WARN_DOCUMENTATION_COMMENTS = YES;
				CLANG_WARN_EMPTY_BODY = YES;
				CLANG_WARN_ENUM_CONVERSION = YES;
				CLANG_WARN_INFINITE_RECURSION = YES;
				CLANG_WARN_INT_CONVERSION = YES;
				CLANG_WARN_NON_LITERAL_NULL_CONVERSION = YES;
				CLANG_WARN_OBJC_IMPLICIT_RETAIN_SELF = YES;
				CLANG_WARN_OBJC_LITERAL_CONVERSION = YES;
				CLANG_WARN_OBJC_ROOT_CLASS = YES_ERROR;
				CLANG_WARN_QUOTED_INCLUDE_IN_FRAMEWORK_HEADER = YES;
				CLANG_WARN_RANGE_LOOP_ANALYSIS = YES;
				CLANG_WARN_STRICT_PROTOTYPES = YES;
				CLANG_WARN_SUSPICIOUS_MOVE = YES;
				CLANG_WARN_UNGUARDED_AVAILABILITY = YES_AGGRESSIVE;
				CLANG_WARN_UNREACHABLE_CODE = YES;
				CLANG_WARN__DUPLICATE_METHOD_MATCH = YES;
				COPY_PHASE_STRIP = NO;
				DEBUG_INFORMATION_FORMAT = dwarf;
				ENABLE_STRICT_OBJC_MSGSEND = YES;
				ENABLE_TESTABILITY = YES;
				GCC_C_LANGUAGE_STANDARD = gnu11;
				GCC_DYNAMIC_NO_PIC = NO;
				GCC_NO_COMMON_BLOCKS = YES;
				GCC_OPTIMIZATION_LEVEL = 0;
				GCC_PREPROCESSOR_DEFINITIONS = (
					"DEBUG=1",
					"$(inherited)",
				);
				GCC_WARN_64_TO_32_BIT_CONVERSION = YES;
				GCC_WARN_ABOUT_RETURN_TYPE = YES_ERROR;
				GCC_WARN_UNDECLARED_SELECTOR = YES;
				GCC_WARN_UNINITIALIZED_AUTOS = YES_AGGRESSIVE;
				GCC_WARN_UNUSED_FUNCTION = YES;
				GCC_WARN_UNUSED_VARIABLE = YES;
				IPHONEOS_DEPLOYMENT_TARGET = 16.2;
				MTL_ENABLE_DEBUG_INFO = INCLUDE_SOURCE;
				MTL_FAST_MATH = YES;
				ONLY_ACTIVE_ARCH = YES;
				SDKROOT = iphoneos;
				SWIFT_ACTIVE_COMPILATION_CONDITIONS = DEBUG;
				SWIFT_OPTIMIZATION_LEVEL = "-Onone";
			};
			name = Debug;
		};
		5190C23729C021F20090DE30 /* Release */ = {
			isa = XCBuildConfiguration;
			buildSettings = {
				ALWAYS_SEARCH_USER_PATHS = NO;
				CLANG_ANALYZER_NONNULL = YES;
				CLANG_ANALYZER_NUMBER_OBJECT_CONVERSION = YES_AGGRESSIVE;
				CLANG_CXX_LANGUAGE_STANDARD = "gnu++20";
				CLANG_ENABLE_MODULES = YES;
				CLANG_ENABLE_OBJC_ARC = YES;
				CLANG_ENABLE_OBJC_WEAK = YES;
				CLANG_WARN_BLOCK_CAPTURE_AUTORELEASING = YES;
				CLANG_WARN_BOOL_CONVERSION = YES;
				CLANG_WARN_COMMA = YES;
				CLANG_WARN_CONSTANT_CONVERSION = YES;
				CLANG_WARN_DEPRECATED_OBJC_IMPLEMENTATIONS = YES;
				CLANG_WARN_DIRECT_OBJC_ISA_USAGE = YES_ERROR;
				CLANG_WARN_DOCUMENTATION_COMMENTS = YES;
				CLANG_WARN_EMPTY_BODY = YES;
				CLANG_WARN_ENUM_CONVERSION = YES;
				CLANG_WARN_INFINITE_RECURSION = YES;
				CLANG_WARN_INT_CONVERSION = YES;
				CLANG_WARN_NON_LITERAL_NULL_CONVERSION = YES;
				CLANG_WARN_OBJC_IMPLICIT_RETAIN_SELF = YES;
				CLANG_WARN_OBJC_LITERAL_CONVERSION = YES;
				CLANG_WARN_OBJC_ROOT_CLASS = YES_ERROR;
				CLANG_WARN_QUOTED_INCLUDE_IN_FRAMEWORK_HEADER = YES;
				CLANG_WARN_RANGE_LOOP_ANALYSIS = YES;
				CLANG_WARN_STRICT_PROTOTYPES = YES;
				CLANG_WARN_SUSPICIOUS_MOVE = YES;
				CLANG_WARN_UNGUARDED_AVAILABILITY = YES_AGGRESSIVE;
				CLANG_WARN_UNREACHABLE_CODE = YES;
				CLANG_WARN__DUPLICATE_METHOD_MATCH = YES;
				COPY_PHASE_STRIP = NO;
				DEBUG_INFORMATION_FORMAT = "dwarf-with-dsym";
				ENABLE_NS_ASSERTIONS = NO;
				ENABLE_STRICT_OBJC_MSGSEND = YES;
				GCC_C_LANGUAGE_STANDARD = gnu11;
				GCC_NO_COMMON_BLOCKS = YES;
				GCC_WARN_64_TO_32_BIT_CONVERSION = YES;
				GCC_WARN_ABOUT_RETURN_TYPE = YES_ERROR;
				GCC_WARN_UNDECLARED_SELECTOR = YES;
				GCC_WARN_UNINITIALIZED_AUTOS = YES_AGGRESSIVE;
				GCC_WARN_UNUSED_FUNCTION = YES;
				GCC_WARN_UNUSED_VARIABLE = YES;
				IPHONEOS_DEPLOYMENT_TARGET = 16.2;
				MTL_ENABLE_DEBUG_INFO = NO;
				MTL_FAST_MATH = YES;
				SDKROOT = iphoneos;
				SWIFT_COMPILATION_MODE = wholemodule;
				SWIFT_OPTIMIZATION_LEVEL = "-O";
				VALIDATE_PRODUCT = YES;
			};
			name = Release;
		};
		5190C23929C021F20090DE30 /* Debug */ = {
			isa = XCBuildConfiguration;
			buildSettings = {
				ASSETCATALOG_COMPILER_APPICON_NAME = AppIcon;
				ASSETCATALOG_COMPILER_GLOBAL_ACCENT_COLOR_NAME = AccentColor;
				CODE_SIGN_STYLE = Automatic;
				CURRENT_PROJECT_VERSION = 1;
				DEVELOPMENT_ASSET_PATHS = "\"AlamofireTry/Preview Content\"";
				DEVELOPMENT_TEAM = SHR59DG262;
				ENABLE_PREVIEWS = YES;
				GENERATE_INFOPLIST_FILE = YES;
				INFOPLIST_KEY_UIApplicationSceneManifest_Generation = YES;
				INFOPLIST_KEY_UIApplicationSupportsIndirectInputEvents = YES;
				INFOPLIST_KEY_UILaunchScreen_Generation = YES;
				INFOPLIST_KEY_UISupportedInterfaceOrientations_iPad = "UIInterfaceOrientationPortrait UIInterfaceOrientationPortraitUpsideDown UIInterfaceOrientationLandscapeLeft UIInterfaceOrientationLandscapeRight";
				INFOPLIST_KEY_UISupportedInterfaceOrientations_iPhone = "UIInterfaceOrientationPortrait UIInterfaceOrientationLandscapeLeft UIInterfaceOrientationLandscapeRight";
				LD_RUNPATH_SEARCH_PATHS = (
					"$(inherited)",
					"@executable_path/Frameworks",
				);
				MARKETING_VERSION = 1.0;
				PRODUCT_BUNDLE_IDENTIFIER = com.jonathanRicky.AlamofireTry;
				PRODUCT_NAME = "$(TARGET_NAME)";
				SWIFT_EMIT_LOC_STRINGS = YES;
				SWIFT_VERSION = 5.0;
				TARGETED_DEVICE_FAMILY = "1,2";
			};
			name = Debug;
		};
		5190C23A29C021F20090DE30 /* Release */ = {
			isa = XCBuildConfiguration;
			buildSettings = {
				ASSETCATALOG_COMPILER_APPICON_NAME = AppIcon;
				ASSETCATALOG_COMPILER_GLOBAL_ACCENT_COLOR_NAME = AccentColor;
				CODE_SIGN_STYLE = Automatic;
				CURRENT_PROJECT_VERSION = 1;
				DEVELOPMENT_ASSET_PATHS = "\"AlamofireTry/Preview Content\"";
				DEVELOPMENT_TEAM = SHR59DG262;
				ENABLE_PREVIEWS = YES;
				GENERATE_INFOPLIST_FILE = YES;
				INFOPLIST_KEY_UIApplicationSceneManifest_Generation = YES;
				INFOPLIST_KEY_UIApplicationSupportsIndirectInputEvents = YES;
				INFOPLIST_KEY_UILaunchScreen_Generation = YES;
				INFOPLIST_KEY_UISupportedInterfaceOrientations_iPad = "UIInterfaceOrientationPortrait UIInterfaceOrientationPortraitUpsideDown UIInterfaceOrientationLandscapeLeft UIInterfaceOrientationLandscapeRight";
				INFOPLIST_KEY_UISupportedInterfaceOrientations_iPhone = "UIInterfaceOrientationPortrait UIInterfaceOrientationLandscapeLeft UIInterfaceOrientationLandscapeRight";
				LD_RUNPATH_SEARCH_PATHS = (
					"$(inherited)",
					"@executable_path/Frameworks",
				);
				MARKETING_VERSION = 1.0;
				PRODUCT_BUNDLE_IDENTIFIER = com.jonathanRicky.AlamofireTry;
				PRODUCT_NAME = "$(TARGET_NAME)";
				SWIFT_EMIT_LOC_STRINGS = YES;
				SWIFT_VERSION = 5.0;
				TARGETED_DEVICE_FAMILY = "1,2";
			};
			name = Release;
		};
/* End XCBuildConfiguration section */

/* Begin XCConfigurationList section */
		5190C22529C021EF0090DE30 /* Build configuration list for PBXProject "AlamofireTry" */ = {
			isa = XCConfigurationList;
			buildConfigurations = (
				5190C23629C021F20090DE30 /* Debug */,
				5190C23729C021F20090DE30 /* Release */,
			);
			defaultConfigurationIsVisible = 0;
			defaultConfigurationName = Release;
		};
		5190C23829C021F20090DE30 /* Build configuration list for PBXNativeTarget "AlamofireTry" */ = {
			isa = XCConfigurationList;
			buildConfigurations = (
				5190C23929C021F20090DE30 /* Debug */,
				5190C23A29C021F20090DE30 /* Release */,
			);
			defaultConfigurationIsVisible = 0;
			defaultConfigurationName = Release;
		};
/* End XCConfigurationList section */

/* Begin XCRemoteSwiftPackageReference section */
		5190C23B29C022430090DE30 /* XCRemoteSwiftPackageReference "Alamofire" */ = {
			isa = XCRemoteSwiftPackageReference;
			repositoryURL = "https://github.com/Alamofire/Alamofire.git";
			requirement = {
				kind = upToNextMajorVersion;
				minimumVersion = 5.6.4;
			};
		};
		5190C23E29C0268C0090DE30 /* XCRemoteSwiftPackageReference "SwiftyJSON" */ = {
			isa = XCRemoteSwiftPackageReference;
			repositoryURL = "https://github.com/SwiftyJSON/SwiftyJSON.git";
			requirement = {
				kind = upToNextMajorVersion;
				minimumVersion = 5.0.0;
			};
		};
/* End XCRemoteSwiftPackageReference section */

/* Begin XCSwiftPackageProductDependency section */
		5190C23C29C022430090DE30 /* Alamofire */ = {
			isa = XCSwiftPackageProductDependency;
			package = 5190C23B29C022430090DE30 /* XCRemoteSwiftPackageReference "Alamofire" */;
			productName = Alamofire;
		};
		5190C23F29C0268C0090DE30 /* SwiftyJSON */ = {
			isa = XCSwiftPackageProductDependency;
			package = 5190C23E29C0268C0090DE30 /* XCRemoteSwiftPackageReference "SwiftyJSON" */;
			productName = SwiftyJSON;
		};
/* End XCSwiftPackageProductDependency section */
	};
	rootObject = 5190C22229C021EF0090DE30 /* Project object */;
}
